
Microsoft Visual Studio Solution File, Format Version 12.00
# Visual Studio Version 17
VisualStudioVersion = 17.10.35122.118
MinimumVisualStudioVersion = 10.0.40219.1
Project("{9A19103F-16F7-4668-BE54-9A1E7A4F7556}") = "CountLetters_AlbanianAlphabet", "CountLetters_AlbanianAlphabet\CountLetters_AlbanianAlphabet.csproj", "{F9AC4D15-E10E-495C-9227-005AFE68041F}"
EndProject
Project("{9A19103F-16F7-4668-BE54-9A1E7A4F7556}") = "JeffersonEncryptionDecryption", "JeffersonEncryptionDecryption\JeffersonEncryptionDecryption.csproj", "{68ADC762-4CD0-45B7-AAF9-4479462EE037}"
EndProject
Global
	GlobalSection(SolutionConfigurationPlatforms) = preSolution
		Debug|Any CPU = Debug|Any CPU
		Release|Any CPU = Release|Any CPU
	EndGlobalSection
	GlobalSection(ProjectConfigurationPlatforms) = postSolution
		{F9AC4D15-E10E-495C-9227-005AFE68041F}.Debug|Any CPU.ActiveCfg = Debug|Any CPU
		{F9AC4D15-E10E-495C-9227-005AFE68041F}.Debug|Any CPU.Build.0 = Debug|Any CPU
		{F9AC4D15-E10E-495C-9227-005AFE68041F}.Release|Any CPU.ActiveCfg = Release|Any CPU
		{F9AC4D15-E10E-495C-9227-005AFE68041F}.Release|Any CPU.Build.0 = Release|Any CPU
		{68ADC762-4CD0-45B7-AAF9-4479462EE037}.Debug|Any CPU.ActiveCfg = Debug|Any CPU
		{68ADC762-4CD0-45B7-AAF9-4479462EE037}.Debug|Any CPU.Build.0 = Debug|Any CPU
		{68ADC762-4CD0-45B7-AAF9-4479462EE037}.Release|Any CPU.ActiveCfg = Release|Any CPU
		{68ADC762-4CD0-45B7-AAF9-4479462EE037}.Release|Any CPU.Build.0 = Release|Any CPU
	EndGlobalSection
	GlobalSection(SolutionProperties) = preSolution
		HideSolutionNode = FALSE
	EndGlobalSection
	GlobalSection(ExtensibilityGlobals) = postSolution
		SolutionGuid = {9D987B3B-F0B7-42E7-A81F-4DE9231D738A}
	EndGlobalSection
EndGlobal
